
Microsoft Visual Studio Solution File, Format Version 12.00
Project("{FAE04EC0-301F-11D3-BF4B-00C04F79EFBC}") = "FirstConsoleApp", "FirstConsoleApp\FirstConsoleApp.csproj", "{80197837-0E96-4B23-9BE5-932EF0705854}"
EndProject
Project("{FAE04EC0-301F-11D3-BF4B-00C04F79EFBC}") = "basicStuffTry", "basicStuffTry\basicStuffTry.csproj", "{E1FBECBF-975A-4CDB-9C6F-4CC9347EA937}"
EndProject
Project("{FAE04EC0-301F-11D3-BF4B-00C04F79EFBC}") = "numberGuesser", "numberGuesser\numberGuesser.csproj", "{FA7D8A91-2A7F-4F4C-924A-D7DE5ACB86A8}"
EndProject
Global
	GlobalSection(SolutionConfigurationPlatforms) = preSolution
		Debug|Any CPU = Debug|Any CPU
		Release|Any CPU = Release|Any CPU
	EndGlobalSection
	GlobalSection(ProjectConfigurationPlatforms) = postSolution
		{80197837-0E96-4B23-9BE5-932EF0705854}.Debug|Any CPU.ActiveCfg = Debug|Any CPU
		{80197837-0E96-4B23-9BE5-932EF0705854}.Debug|Any CPU.Build.0 = Debug|Any CPU
		{80197837-0E96-4B23-9BE5-932EF0705854}.Release|Any CPU.ActiveCfg = Release|Any CPU
		{80197837-0E96-4B23-9BE5-932EF0705854}.Release|Any CPU.Build.0 = Release|Any CPU
		{E1FBECBF-975A-4CDB-9C6F-4CC9347EA937}.Debug|Any CPU.ActiveCfg = Debug|Any CPU
		{E1FBECBF-975A-4CDB-9C6F-4CC9347EA937}.Debug|Any CPU.Build.0 = Debug|Any CPU
		{E1FBECBF-975A-4CDB-9C6F-4CC9347EA937}.Release|Any CPU.ActiveCfg = Release|Any CPU
		{E1FBECBF-975A-4CDB-9C6F-4CC9347EA937}.Release|Any CPU.Build.0 = Release|Any CPU
		{FA7D8A91-2A7F-4F4C-924A-D7DE5ACB86A8}.Debug|Any CPU.ActiveCfg = Debug|Any CPU
		{FA7D8A91-2A7F-4F4C-924A-D7DE5ACB86A8}.Debug|Any CPU.Build.0 = Debug|Any CPU
		{FA7D8A91-2A7F-4F4C-924A-D7DE5ACB86A8}.Release|Any CPU.ActiveCfg = Release|Any CPU
		{FA7D8A91-2A7F-4F4C-924A-D7DE5ACB86A8}.Release|Any CPU.Build.0 = Release|Any CPU
	EndGlobalSection
EndGlobal
